
Microsoft Visual Studio Solution File, Format Version 12.00
Project("{FAE04EC0-301F-11D3-BF4B-00C04F79EFBC}") = "Core", "Core\Core.csproj", "{FE372216-9438-453D-B0D0-33B3BB6F1DD7}"
EndProject
Project("{2150E333-8FDC-42A3-9474-1A3956D46DE8}") = "DataSourceLibraries", "DataSourceLibraries", "{6820DCB4-8ABB-46B7-8BAE-A6F3AAA750DE}"
EndProject
Project("{2150E333-8FDC-42A3-9474-1A3956D46DE8}") = "DataSinkLibraries", "DataSinkLibraries", "{48C786CA-8F8B-4CC4-8D2C-FA69446D2E04}"
EndProject
Project("{2150E333-8FDC-42A3-9474-1A3956D46DE8}") = "DataConverterLibraries", "DataConverterLibraries", "{D07B4994-E8CA-4B6E-A964-4F8D5ACDC742}"
EndProject
Project("{FAE04EC0-301F-11D3-BF4B-00C04F79EFBC}") = "DewesDB", "DewesDB\DewesDB.csproj", "{AE78FEDE-880E-45FC-B476-B7CB43A72FCB}"
EndProject
Project("{FAE04EC0-301F-11D3-BF4B-00C04F79EFBC}") = "DataSourceTest1", "DataSourceTest1\DataSourceTest1.csproj", "{8DC9513B-596D-449F-8E1B-B360705225F1}"
EndProject
Project("{2150E333-8FDC-42A3-9474-1A3956D46DE8}") = "bin", "bin", "{09C38E99-ECC7-4131-B294-7FDAF811616F}"
EndProject
Project("{2150E333-8FDC-42A3-9474-1A3956D46DE8}") = "DataSourceLibraries", "DataSourceLibraries", "{1C0B74F5-E32D-496E-8A04-C1781B46F265}"
EndProject
Project("{FAE04EC0-301F-11D3-BF4B-00C04F79EFBC}") = "Interfaces", "Interfaces\Interfaces.csproj", "{414AA3FA-D316-411D-AB5B-3AF984251BE8}"
EndProject
Project("{FAE04EC0-301F-11D3-BF4B-00C04F79EFBC}") = "DataSinkTest1", "DataSinkTest1\DataSinkTest1.csproj", "{9EECE1D9-747C-4F19-AE5F-E44CD8A6D88B}"
EndProject
Project("{FAE04EC0-301F-11D3-BF4B-00C04F79EFBC}") = "DataSinkTest2", "DataSinkTest2\DataSinkTest2.csproj", "{94C73C17-C0A4-45AF-A808-EED79A07FA0C}"
EndProject
Project("{FAE04EC0-301F-11D3-BF4B-00C04F79EFBC}") = "DataConverterTest1", "DataConverterTest1\DataConverterTest1.csproj", "{E79BF811-7DCB-4EB5-85FC-D388B0B4FEAD}"
EndProject
Project("{2150E333-8FDC-42A3-9474-1A3956D46DE8}") = "TestsBin", "TestsBin", "{95687028-61A8-4072-B9F0-CB64163D4CDE}"
EndProject
Project("{FAE04EC0-301F-11D3-BF4B-00C04F79EFBC}") = "TestCore", "TestCore\TestCore.csproj", "{F07038BA-80BE-4194-B1CB-61F99FA37533}"
EndProject
Project("{FAE04EC0-301F-11D3-BF4B-00C04F79EFBC}") = "RemoteDataSourceTest", "RemoteDataSourceTest\RemoteDataSourceTest.csproj", "{56916921-8B68-4B34-93F4-78936480F225}"
EndProject
Global
	GlobalSection(SolutionConfigurationPlatforms) = preSolution
		Debug|Any CPU = Debug|Any CPU
		Release|Any CPU = Release|Any CPU
	EndGlobalSection
	GlobalSection(ProjectConfigurationPlatforms) = postSolution
		{FE372216-9438-453D-B0D0-33B3BB6F1DD7}.Debug|Any CPU.ActiveCfg = Debug|Any CPU
		{FE372216-9438-453D-B0D0-33B3BB6F1DD7}.Debug|Any CPU.Build.0 = Debug|Any CPU
		{FE372216-9438-453D-B0D0-33B3BB6F1DD7}.Release|Any CPU.ActiveCfg = Release|Any CPU
		{FE372216-9438-453D-B0D0-33B3BB6F1DD7}.Release|Any CPU.Build.0 = Release|Any CPU
		{AE78FEDE-880E-45FC-B476-B7CB43A72FCB}.Debug|Any CPU.ActiveCfg = Debug|Any CPU
		{AE78FEDE-880E-45FC-B476-B7CB43A72FCB}.Debug|Any CPU.Build.0 = Debug|Any CPU
		{AE78FEDE-880E-45FC-B476-B7CB43A72FCB}.Release|Any CPU.ActiveCfg = Release|Any CPU
		{AE78FEDE-880E-45FC-B476-B7CB43A72FCB}.Release|Any CPU.Build.0 = Release|Any CPU
		{8DC9513B-596D-449F-8E1B-B360705225F1}.Debug|Any CPU.ActiveCfg = Debug|Any CPU
		{8DC9513B-596D-449F-8E1B-B360705225F1}.Debug|Any CPU.Build.0 = Debug|Any CPU
		{8DC9513B-596D-449F-8E1B-B360705225F1}.Release|Any CPU.ActiveCfg = Release|Any CPU
		{8DC9513B-596D-449F-8E1B-B360705225F1}.Release|Any CPU.Build.0 = Release|Any CPU
		{414AA3FA-D316-411D-AB5B-3AF984251BE8}.Debug|Any CPU.ActiveCfg = Debug|Any CPU
		{414AA3FA-D316-411D-AB5B-3AF984251BE8}.Debug|Any CPU.Build.0 = Debug|Any CPU
		{414AA3FA-D316-411D-AB5B-3AF984251BE8}.Release|Any CPU.ActiveCfg = Release|Any CPU
		{414AA3FA-D316-411D-AB5B-3AF984251BE8}.Release|Any CPU.Build.0 = Release|Any CPU
		{9EECE1D9-747C-4F19-AE5F-E44CD8A6D88B}.Debug|Any CPU.ActiveCfg = Debug|Any CPU
		{9EECE1D9-747C-4F19-AE5F-E44CD8A6D88B}.Debug|Any CPU.Build.0 = Debug|Any CPU
		{9EECE1D9-747C-4F19-AE5F-E44CD8A6D88B}.Release|Any CPU.ActiveCfg = Release|Any CPU
		{9EECE1D9-747C-4F19-AE5F-E44CD8A6D88B}.Release|Any CPU.Build.0 = Release|Any CPU
		{94C73C17-C0A4-45AF-A808-EED79A07FA0C}.Debug|Any CPU.ActiveCfg = Debug|Any CPU
		{94C73C17-C0A4-45AF-A808-EED79A07FA0C}.Debug|Any CPU.Build.0 = Debug|Any CPU
		{94C73C17-C0A4-45AF-A808-EED79A07FA0C}.Release|Any CPU.ActiveCfg = Release|Any CPU
		{94C73C17-C0A4-45AF-A808-EED79A07FA0C}.Release|Any CPU.Build.0 = Release|Any CPU
		{E79BF811-7DCB-4EB5-85FC-D388B0B4FEAD}.Debug|Any CPU.ActiveCfg = Debug|Any CPU
		{E79BF811-7DCB-4EB5-85FC-D388B0B4FEAD}.Debug|Any CPU.Build.0 = Debug|Any CPU
		{E79BF811-7DCB-4EB5-85FC-D388B0B4FEAD}.Release|Any CPU.ActiveCfg = Release|Any CPU
		{E79BF811-7DCB-4EB5-85FC-D388B0B4FEAD}.Release|Any CPU.Build.0 = Release|Any CPU
		{F07038BA-80BE-4194-B1CB-61F99FA37533}.Debug|Any CPU.ActiveCfg = Debug|Any CPU
		{F07038BA-80BE-4194-B1CB-61F99FA37533}.Debug|Any CPU.Build.0 = Debug|Any CPU
		{F07038BA-80BE-4194-B1CB-61F99FA37533}.Release|Any CPU.ActiveCfg = Release|Any CPU
		{F07038BA-80BE-4194-B1CB-61F99FA37533}.Release|Any CPU.Build.0 = Release|Any CPU
		{56916921-8B68-4B34-93F4-78936480F225}.Debug|Any CPU.ActiveCfg = Debug|Any CPU
		{56916921-8B68-4B34-93F4-78936480F225}.Debug|Any CPU.Build.0 = Debug|Any CPU
		{56916921-8B68-4B34-93F4-78936480F225}.Release|Any CPU.ActiveCfg = Release|Any CPU
		{56916921-8B68-4B34-93F4-78936480F225}.Release|Any CPU.Build.0 = Release|Any CPU
	EndGlobalSection
	GlobalSection(NestedProjects) = preSolution
		{8DC9513B-596D-449F-8E1B-B360705225F1} = {6820DCB4-8ABB-46B7-8BAE-A6F3AAA750DE}
		{1C0B74F5-E32D-496E-8A04-C1781B46F265} = {09C38E99-ECC7-4131-B294-7FDAF811616F}
		{9EECE1D9-747C-4F19-AE5F-E44CD8A6D88B} = {48C786CA-8F8B-4CC4-8D2C-FA69446D2E04}
		{94C73C17-C0A4-45AF-A808-EED79A07FA0C} = {48C786CA-8F8B-4CC4-8D2C-FA69446D2E04}
		{E79BF811-7DCB-4EB5-85FC-D388B0B4FEAD} = {D07B4994-E8CA-4B6E-A964-4F8D5ACDC742}
	EndGlobalSection
EndGlobal
